
Microsoft Visual Studio Solution File, Format Version 11.00
# Visual Studio 2010
Project("{FAE04EC0-301F-11D3-BF4B-00C04F79EFBC}") = "Assembly-CSharp", "Assembly-CSharp.csproj", "{DCA7C304-3DFF-BA2F-B127-6CBC55BD12AB}"
EndProject
Project("{FAE04EC0-301F-11D3-BF4B-00C04F79EFBC}") = "MacBLAS", "MacBLAS.csproj", "{E6BC9E45-101A-D2DB-C06F-0B47A8217372}"
EndProject
Project("{FAE04EC0-301F-11D3-BF4B-00C04F79EFBC}") = "iOSBLAS", "iOSBLAS.csproj", "{24066C14-E787-FBFE-7897-3A1D81593931}"
EndProject
Project("{FAE04EC0-301F-11D3-BF4B-00C04F79EFBC}") = "Assembly-CSharp-Editor", "Assembly-CSharp-Editor.csproj", "{FD76C9E1-7B37-50BF-D38C-2EDE6E52643D}"
EndProject
Global
	GlobalSection(SolutionConfigurationPlatforms) = preSolution
		Debug|Any CPU = Debug|Any CPU
		Release|Any CPU = Release|Any CPU
	EndGlobalSection
	GlobalSection(ProjectConfigurationPlatforms) = postSolution
		{DCA7C304-3DFF-BA2F-B127-6CBC55BD12AB}.Debug|Any CPU.ActiveCfg = Debug|Any CPU
		{DCA7C304-3DFF-BA2F-B127-6CBC55BD12AB}.Debug|Any CPU.Build.0 = Debug|Any CPU
		{DCA7C304-3DFF-BA2F-B127-6CBC55BD12AB}.Release|Any CPU.ActiveCfg = Release|Any CPU
		{DCA7C304-3DFF-BA2F-B127-6CBC55BD12AB}.Release|Any CPU.Build.0 = Release|Any CPU
		{E6BC9E45-101A-D2DB-C06F-0B47A8217372}.Debug|Any CPU.ActiveCfg = Debug|Any CPU
		{E6BC9E45-101A-D2DB-C06F-0B47A8217372}.Debug|Any CPU.Build.0 = Debug|Any CPU
		{E6BC9E45-101A-D2DB-C06F-0B47A8217372}.Release|Any CPU.ActiveCfg = Release|Any CPU
		{E6BC9E45-101A-D2DB-C06F-0B47A8217372}.Release|Any CPU.Build.0 = Release|Any CPU
		{24066C14-E787-FBFE-7897-3A1D81593931}.Debug|Any CPU.ActiveCfg = Debug|Any CPU
		{24066C14-E787-FBFE-7897-3A1D81593931}.Debug|Any CPU.Build.0 = Debug|Any CPU
		{24066C14-E787-FBFE-7897-3A1D81593931}.Release|Any CPU.ActiveCfg = Release|Any CPU
		{24066C14-E787-FBFE-7897-3A1D81593931}.Release|Any CPU.Build.0 = Release|Any CPU
		{FD76C9E1-7B37-50BF-D38C-2EDE6E52643D}.Debug|Any CPU.ActiveCfg = Debug|Any CPU
		{FD76C9E1-7B37-50BF-D38C-2EDE6E52643D}.Debug|Any CPU.Build.0 = Debug|Any CPU
		{FD76C9E1-7B37-50BF-D38C-2EDE6E52643D}.Release|Any CPU.ActiveCfg = Release|Any CPU
		{FD76C9E1-7B37-50BF-D38C-2EDE6E52643D}.Release|Any CPU.Build.0 = Release|Any CPU
	EndGlobalSection
	GlobalSection(SolutionProperties) = preSolution
		HideSolutionNode = FALSE
	EndGlobalSection
	GlobalSection(MonoDevelopProperties) = preSolution
		StartupItem = Assembly-CSharp.csproj
	EndGlobalSection
EndGlobal
